
Microsoft Visual Studio Solution File, Format Version 12.00
# Visual Studio Version 17
VisualStudioVersion = 17.4.33213.308
MinimumVisualStudioVersion = 10.0.40219.1
Project("{9A19103F-16F7-4668-BE54-9A1E7A4F7556}") = "Vista", "Vista\Vista.csproj", "{F11A8192-46CD-43D6-A38A-B244C4E2ADFE}"
EndProject
Project("{FAE04EC0-301F-11D3-BF4B-00C04F79EFBC}") = "WebAPI", "WebAPI\WebAPI.csproj", "{5F3D0A38-958D-4663-9820-F381E9AF42B5}"
	ProjectSection(ProjectDependencies) = postProject
		{7371FD4B-1B26-40DF-B3B0-D784821FFCD0} = {7371FD4B-1B26-40DF-B3B0-D784821FFCD0}
	EndProjectSection
EndProject
Project("{FAE04EC0-301F-11D3-BF4B-00C04F79EFBC}") = "Logica", "Logica\Logica.csproj", "{7371FD4B-1B26-40DF-B3B0-D784821FFCD0}"
EndProject
Global
	GlobalSection(SolutionConfigurationPlatforms) = preSolution
		Debug|Any CPU = Debug|Any CPU
		Release|Any CPU = Release|Any CPU
	EndGlobalSection
	GlobalSection(ProjectConfigurationPlatforms) = postSolution
		{F11A8192-46CD-43D6-A38A-B244C4E2ADFE}.Debug|Any CPU.ActiveCfg = Debug|Any CPU
		{F11A8192-46CD-43D6-A38A-B244C4E2ADFE}.Debug|Any CPU.Build.0 = Debug|Any CPU
		{F11A8192-46CD-43D6-A38A-B244C4E2ADFE}.Release|Any CPU.ActiveCfg = Release|Any CPU
		{F11A8192-46CD-43D6-A38A-B244C4E2ADFE}.Release|Any CPU.Build.0 = Release|Any CPU
		{5F3D0A38-958D-4663-9820-F381E9AF42B5}.Debug|Any CPU.ActiveCfg = Debug|Any CPU
		{5F3D0A38-958D-4663-9820-F381E9AF42B5}.Debug|Any CPU.Build.0 = Debug|Any CPU
		{5F3D0A38-958D-4663-9820-F381E9AF42B5}.Release|Any CPU.ActiveCfg = Release|Any CPU
		{5F3D0A38-958D-4663-9820-F381E9AF42B5}.Release|Any CPU.Build.0 = Release|Any CPU
		{7371FD4B-1B26-40DF-B3B0-D784821FFCD0}.Debug|Any CPU.ActiveCfg = Debug|Any CPU
		{7371FD4B-1B26-40DF-B3B0-D784821FFCD0}.Debug|Any CPU.Build.0 = Debug|Any CPU
		{7371FD4B-1B26-40DF-B3B0-D784821FFCD0}.Release|Any CPU.ActiveCfg = Release|Any CPU
		{7371FD4B-1B26-40DF-B3B0-D784821FFCD0}.Release|Any CPU.Build.0 = Release|Any CPU
	EndGlobalSection
	GlobalSection(SolutionProperties) = preSolution
		HideSolutionNode = FALSE
	EndGlobalSection
	GlobalSection(ExtensibilityGlobals) = postSolution
		SolutionGuid = {D3C8C587-96F2-44E7-B1EA-1F1446DAA443}
	EndGlobalSection
EndGlobal
